
Microsoft Visual Studio Solution File, Format Version 12.00
# Visual Studio Version 17
VisualStudioVersion = 17.14.37216.2 d17.14
MinimumVisualStudioVersion = 10.0.40219.1
Project("{FAE04EC0-301F-11D3-BF4B-00C04F79EFBC}") = "DevConnect.API", "DevConnect.API\DevConnect.API.csproj", "{B499F741-589B-4CFF-A500-022227CAA4AD}"
EndProject
Project("{FAE04EC0-301F-11D3-BF4B-00C04F79EFBC}") = "DevConnect.Core", "DevConnect.Core\DevConnect.Core.csproj", "{F2283541-E25C-4406-A1AF-6BDCF6AC4A06}"
EndProject
Project("{FAE04EC0-301F-11D3-BF4B-00C04F79EFBC}") = "DevConnect.Infrastructure", "DevConnect.Infrastructure\DevConnect.Infrastructure.csproj", "{55B063BA-E0CC-4A5B-9259-A9E05FC5E72A}"
EndProject
Global
	GlobalSection(SolutionConfigurationPlatforms) = preSolution
		Debug|Any CPU = Debug|Any CPU
		Release|Any CPU = Release|Any CPU
	EndGlobalSection
	GlobalSection(ProjectConfigurationPlatforms) = postSolution
		{B499F741-589B-4CFF-A500-022227CAA4AD}.Debug|Any CPU.ActiveCfg = Debug|Any CPU
		{B499F741-589B-4CFF-A500-022227CAA4AD}.Debug|Any CPU.Build.0 = Debug|Any CPU
		{B499F741-589B-4CFF-A500-022227CAA4AD}.Release|Any CPU.ActiveCfg = Release|Any CPU
		{B499F741-589B-4CFF-A500-022227CAA4AD}.Release|Any CPU.Build.0 = Release|Any CPU
		{F2283541-E25C-4406-A1AF-6BDCF6AC4A06}.Debug|Any CPU.ActiveCfg = Debug|Any CPU
		{F2283541-E25C-4406-A1AF-6BDCF6AC4A06}.Debug|Any CPU.Build.0 = Debug|Any CPU
		{F2283541-E25C-4406-A1AF-6BDCF6AC4A06}.Release|Any CPU.ActiveCfg = Release|Any CPU
		{F2283541-E25C-4406-A1AF-6BDCF6AC4A06}.Release|Any CPU.Build.0 = Release|Any CPU
		{55B063BA-E0CC-4A5B-9259-A9E05FC5E72A}.Debug|Any CPU.ActiveCfg = Debug|Any CPU
		{55B063BA-E0CC-4A5B-9259-A9E05FC5E72A}.Debug|Any CPU.Build.0 = Debug|Any CPU
		{55B063BA-E0CC-4A5B-9259-A9E05FC5E72A}.Release|Any CPU.ActiveCfg = Release|Any CPU
		{55B063BA-E0CC-4A5B-9259-A9E05FC5E72A}.Release|Any CPU.Build.0 = Release|Any CPU
	EndGlobalSection
	GlobalSection(SolutionProperties) = preSolution
		HideSolutionNode = FALSE
	EndGlobalSection
	GlobalSection(ExtensibilityGlobals) = postSolution
		SolutionGuid = {5CCD89EF-B986-4D6E-AC7E-09C9B10C7959}
	EndGlobalSection
EndGlobal
